
Microsoft Visual Studio Solution File, Format Version 12.00
# Visual Studio Version 17
VisualStudioVersion = 17.8.34322.80
MinimumVisualStudioVersion = 10.0.40219.1
Project("{9A19103F-16F7-4668-BE54-9A1E7A4F7556}") = "LW_WEB", "LW_WEB.csproj", "{C1C16799-5853-417A-94FF-5DBB4E40B12E}"
EndProject
Project("{FAE04EC0-301F-11D3-BF4B-00C04F79EFBC}") = "ConsoleRabbit", "..\ConsoleRabbit\ConsoleRabbit.csproj", "{4F313E30-E16E-46FE-AA91-BCB8823B3196}"
EndProject
Global
	GlobalSection(SolutionConfigurationPlatforms) = preSolution
		Debug|Any CPU = Debug|Any CPU
		Release|Any CPU = Release|Any CPU
	EndGlobalSection
	GlobalSection(ProjectConfigurationPlatforms) = postSolution
		{C1C16799-5853-417A-94FF-5DBB4E40B12E}.Debug|Any CPU.ActiveCfg = Debug|Any CPU
		{C1C16799-5853-417A-94FF-5DBB4E40B12E}.Debug|Any CPU.Build.0 = Debug|Any CPU
		{C1C16799-5853-417A-94FF-5DBB4E40B12E}.Release|Any CPU.ActiveCfg = Release|Any CPU
		{C1C16799-5853-417A-94FF-5DBB4E40B12E}.Release|Any CPU.Build.0 = Release|Any CPU
		{4F313E30-E16E-46FE-AA91-BCB8823B3196}.Debug|Any CPU.ActiveCfg = Debug|Any CPU
		{4F313E30-E16E-46FE-AA91-BCB8823B3196}.Debug|Any CPU.Build.0 = Debug|Any CPU
		{4F313E30-E16E-46FE-AA91-BCB8823B3196}.Release|Any CPU.ActiveCfg = Release|Any CPU
		{4F313E30-E16E-46FE-AA91-BCB8823B3196}.Release|Any CPU.Build.0 = Release|Any CPU
	EndGlobalSection
	GlobalSection(SolutionProperties) = preSolution
		HideSolutionNode = FALSE
	EndGlobalSection
	GlobalSection(ExtensibilityGlobals) = postSolution
		SolutionGuid = {6025BA18-938D-4617-A240-1CB892B7F54F}
	EndGlobalSection
EndGlobal
